{
  "name": "browser-agent",
  "version": "1.0.0",
  "lockfileVersion": 3,
  "requires": true,
  "packages": {
    "": {
      "name": "browser-agent",
      "version": "1.0.0",
      "license": "ISC",
      "dependencies": {
        "@sentry/browser": "^9.15.0"
      },
      "devDependencies": {
        "@playwright/test": "^1.52.0",
        "@sentry/cli": "^2.43.1",
        "@types/node": "^22.15.3"
      }
    },
    "node_modules/@playwright/test": {
      "version": "1.52.0",
      "resolved": "https://registry.npmjs.org/@playwright/test/-/test-1.52.0.tgz",
      "integrity": "sha512-uh6W7sb55hl7D6vsAeA+V2p5JnlAqzhqFyF0VcJkKZXkgnFcVG9PziERRHQfPLfNGx1C292a4JqbWzhR8L4R1g==",
      "dev": true,
      "license": "Apache-2.0",
      "dependencies": {
        "playwright": "1.52.0"
      },
      "bin": {
        "playwright": "cli.js"
      },
      "engines": {
        "node": ">=18"
      }
    },
    "node_modules/@sentry-internal/browser-utils": {
      "version": "9.15.0",
      "resolved": "https://registry.npmjs.org/@sentry-internal/browser-utils/-/browser-utils-9.15.0.tgz",
      "integrity": "sha512-tIM+9zXCefkInRiNmBkXKgkamRjEOlAcf768cBKlMWVOatfNrSEB0UEV7qkAYqnQGWkbPkHFMbFJxWptydLODw==",
      "license": "MIT",
      "dependencies": {
        "@sentry/core": "9.15.0"
      },
      "engines": {
        "node": ">=18"
      }
    },
    "node_modules/@sentry-internal/feedback": {
      "version": "9.15.0",
      "resolved": "https://registry.npmjs.org/@sentry-internal/feedback/-/feedback-9.15.0.tgz",
      "integrity": "sha512-jyN0r57WL8V5ViwZpiNvbIhF9I89jxn6mtIQcyV85EjIXDyzJmeTgxc/FIU0kcDVv6zso3qnGRJUxGK+GvoYZg==",
      "license": "MIT",
      "dependencies": {
        "@sentry/core": "9.15.0"
      },
      "engines": {
        "node": ">=18"
      }
    },
    "node_modules/@sentry-internal/replay": {
      "version": "9.15.0",
      "resolved": "https://registry.npmjs.org/@sentry-internal/replay/-/replay-9.15.0.tgz",
      "integrity": "sha512-lv6ENRmfeBuod6Tr1WgLeF0+wIIXlHWNAGofsaNUvm8UKS7USicFsQWKOZPk4UyjTfrEClPp2vx+o7aUcZS6TQ==",
      "license": "MIT",
      "dependencies": {
        "@sentry-internal/browser-utils": "9.15.0",
        "@sentry/core": "9.15.0"
      },
      "engines": {
        "node": ">=18"
      }
    },
    "node_modules/@sentry-internal/replay-canvas": {
      "version": "9.15.0",
      "resolved": "https://registry.npmjs.org/@sentry-internal/replay-canvas/-/replay-canvas-9.15.0.tgz",
      "integrity": "sha512-a1/oiXwcW5OmILjD7/R2UEsPQWXJBUr0u388uCKDUGeyXLxBBbIJGS5E8oLwVQLVxhVJrODgxvT19z9OVcbn7g==",
      "license": "MIT",
      "dependencies": {
        "@sentry-internal/replay": "9.15.0",
        "@sentry/core": "9.15.0"
      },
      "engines": {
        "node": ">=18"
      }
    },
    "node_modules/@sentry/browser": {
      "version": "9.15.0",
      "resolved": "https://registry.npmjs.org/@sentry/browser/-/browser-9.15.0.tgz",
      "integrity": "sha512-ppHESKFVQFpAb3rQI2ateDkmMytVcvAWsjZrZ3hF9iEnO3iTIIu32ib5nqQUL4KKXZQovYnDrSlDcdv3ZwX/8Q==",
      "license": "MIT",
      "dependencies": {
        "@sentry-internal/browser-utils": "9.15.0",
        "@sentry-internal/feedback": "9.15.0",
        "@sentry-internal/replay": "9.15.0",
        "@sentry-internal/replay-canvas": "9.15.0",
        "@sentry/core": "9.15.0"
      },
      "engines": {
        "node": ">=18"
      }
    },
    "node_modules/@sentry/cli": {
      "version": "2.43.1",
      "resolved": "https://registry.npmjs.org/@sentry/cli/-/cli-2.43.1.tgz",
      "integrity": "sha512-5jg8cy4LlPnmgI6FkxClDRB5hFWzmlq7VZqj5o6Zdm5KRywzCn2s18GXyC1LPf6MFHw3AZ/K2h5pUZmJdWUBFQ==",
      "dev": true,
      "hasInstallScript": true,
      "license": "BSD-3-Clause",
      "dependencies": {
        "https-proxy-agent": "^5.0.0",
        "node-fetch": "^2.6.7",
        "progress": "^2.0.3",
        "proxy-from-env": "^1.1.0",
        "which": "^2.0.2"
      },
      "bin": {
        "sentry-cli": "bin/sentry-cli"
      },
      "engines": {
        "node": ">= 10"
      },
      "optionalDependencies": {
        "@sentry/cli-darwin": "2.43.1",
        "@sentry/cli-linux-arm": "2.43.1",
        "@sentry/cli-linux-arm64": "2.43.1",
        "@sentry/cli-linux-i686": "2.43.1",
        "@sentry/cli-linux-x64": "2.43.1",
        "@sentry/cli-win32-arm64": "2.43.1",
        "@sentry/cli-win32-i686": "2.43.1",
        "@sentry/cli-win32-x64": "2.43.1"
      }
    },
    "node_modules/@sentry/cli-darwin": {
      "version": "2.43.1",
      "resolved": "https://registry.npmjs.org/@sentry/cli-darwin/-/cli-darwin-2.43.1.tgz",
      "integrity": "sha512-622g/UyhTi1zC0Nnnbto75gNkExwwjv1cnRA4ERwfPgiOI3UK0/j+m4CcosqrfdTK55pv+SiifOlmvDPZnMIZw==",
      "dev": true,
      "license": "BSD-3-Clause",
      "optional": true,
      "os": [
        "darwin"
      ],
      "engines": {
        "node": ">=10"
      }
    },
    "node_modules/@sentry/cli-linux-arm": {
      "version": "2.43.1",
      "resolved": "https://registry.npmjs.org/@sentry/cli-linux-arm/-/cli-linux-arm-2.43.1.tgz",
      "integrity": "sha512-eQKcfqMR9bg8HKR9UCwm8x3lGBMUu1wCQow2BwEX4NbY1GzniSHNH4MBY2ERpOsfCA0LM5xEWQk/QFXexz1Dhw==",
      "cpu": [
        "arm"
      ],
      "dev": true,
      "license": "BSD-3-Clause",
      "optional": true,
      "os": [
        "linux",
        "freebsd"
      ],
      "engines": {
        "node": ">=10"
      }
    },
    "node_modules/@sentry/cli-linux-arm64": {
      "version": "2.43.1",
      "resolved": "https://registry.npmjs.org/@sentry/cli-linux-arm64/-/cli-linux-arm64-2.43.1.tgz",
      "integrity": "sha512-c1P7eZqdDwRlePBSQSgWYUi80W5ywvG/XxZFVecjdHDEYlo2BJTRirqZTqzKzI/Ekk8x5hOxNuBbP+m9FluDMw==",
      "cpu": [
        "arm64"
      ],
      "dev": true,
      "license": "BSD-3-Clause",
      "optional": true,
      "os": [
        "linux",
        "freebsd"
      ],
      "engines": {
        "node": ">=10"
      }
    },
    "node_modules/@sentry/cli-linux-i686": {
      "version": "2.43.1",
      "resolved": "https://registry.npmjs.org/@sentry/cli-linux-i686/-/cli-linux-i686-2.43.1.tgz",
      "integrity": "sha512-VRhzmEOeA/nsQHkf3Jt8mbgZmdbAWURM18Y1uXVRI/mQzZaz6YAZ+IzQ6gANpUk+UfTdf1q0unZSAIOUuu19gA==",
      "cpu": [
        "x86",
        "ia32"
      ],
      "dev": true,
      "license": "BSD-3-Clause",
      "optional": true,
      "os": [
        "linux",
        "freebsd"
      ],
      "engines": {
        "node": ">=10"
      }
    },
    "node_modules/@sentry/cli-linux-x64": {
      "version": "2.43.1",
      "resolved": "https://registry.npmjs.org/@sentry/cli-linux-x64/-/cli-linux-x64-2.43.1.tgz",
      "integrity": "sha512-c8G4zdzxzdPOz+tV1LNwUz5UsPNnhEE13kMPesF81liawwznnBsDfeKf6t/87Eem4BgAPdsFlnqnffi4BdqkZQ==",
      "cpu": [
        "x64"
      ],
      "dev": true,
      "license": "BSD-3-Clause",
      "optional": true,
      "os": [
        "linux",
        "freebsd"
      ],
      "engines": {
        "node": ">=10"
      }
    },
    "node_modules/@sentry/cli-win32-arm64": {
      "version": "2.43.1",
      "resolved": "https://registry.npmjs.org/@sentry/cli-win32-arm64/-/cli-win32-arm64-2.43.1.tgz",
      "integrity": "sha512-K+9td351lzUn51R/oHotyEkq7nzKWBm2ffhVAe4HXNh72MjhyIvonAhQUrGawIjn/aLHO+hq9iNaEXbCu6Hulg==",
      "cpu": [
        "arm64"
      ],
      "dev": true,
      "license": "BSD-3-Clause",
      "optional": true,
      "os": [
        "win32"
      ],
      "engines": {
        "node": ">=10"
      }
    },
    "node_modules/@sentry/cli-win32-i686": {
      "version": "2.43.1",
      "resolved": "https://registry.npmjs.org/@sentry/cli-win32-i686/-/cli-win32-i686-2.43.1.tgz",
      "integrity": "sha512-Co7kj0o16xcUZRZY+VwMgpdDvOY2xAbR5Xg5NXv73nXdALgGWf+G5bntFz3baNmaSOYWKJjvZT7a+YLwe/DihQ==",
      "cpu": [
        "x86",
        "ia32"
      ],
      "dev": true,
      "license": "BSD-3-Clause",
      "optional": true,
      "os": [
        "win32"
      ],
      "engines": {
        "node": ">=10"
      }
    },
    "node_modules/@sentry/cli-win32-x64": {
      "version": "2.43.1",
      "resolved": "https://registry.npmjs.org/@sentry/cli-win32-x64/-/cli-win32-x64-2.43.1.tgz",
      "integrity": "sha512-uH7l4FXc6s0GoJeriU6kQOYzREqDGB7b16XbTKY+lnhMNvBgP2aaOUQ9yRLbEHeSSg/112SQeolCnF2GwTmoKw==",
      "cpu": [
        "x64"
      ],
      "dev": true,
      "license": "BSD-3-Clause",
      "optional": true,
      "os": [
        "win32"
      ],
      "engines": {
        "node": ">=10"
      }
    },
    "node_modules/@sentry/core": {
      "version": "9.15.0",
      "resolved": "https://registry.npmjs.org/@sentry/core/-/core-9.15.0.tgz",
      "integrity": "sha512-lBmo3bzzaYUesdzc2H5K3fajfXyUNuj5koqyFoCAI8rnt9CBl7SUc/P07+E5eipF8mxgiU3QtkI7ALzRQN8pqQ==",
      "license": "MIT",
      "engines": {
        "node": ">=18"
      }
    },
    "node_modules/@types/node": {
      "version": "22.15.3",
      "resolved": "https://registry.npmjs.org/@types/node/-/node-22.15.3.tgz",
      "integrity": "sha512-lX7HFZeHf4QG/J7tBZqrCAXwz9J5RD56Y6MpP0eJkka8p+K0RY/yBTW7CYFJ4VGCclxqOLKmiGP5juQc6MKgcw==",
      "dev": true,
      "license": "MIT",
      "dependencies": {
        "undici-types": "~6.21.0"
      }
    },
    "node_modules/agent-base": {
      "version": "6.0.2",
      "resolved": "https://registry.npmjs.org/agent-base/-/agent-base-6.0.2.tgz",
      "integrity": "sha512-RZNwNclF7+MS/8bDg70amg32dyeZGZxiDuQmZxKLAlQjr3jGyLx+4Kkk58UO7D2QdgFIQCovuSuZESne6RG6XQ==",
      "dev": true,
      "license": "MIT",
      "dependencies": {
        "debug": "4"
      },
      "engines": {
        "node": ">= 6.0.0"
      }
    },
    "node_modules/debug": {
      "version": "4.4.0",
      "resolved": "https://registry.npmjs.org/debug/-/debug-4.4.0.tgz",
      "integrity": "sha512-6WTZ/IxCY/T6BALoZHaE4ctp9xm+Z5kY/pzYaCHRFeyVhojxlrm+46y68HA6hr0TcwEssoxNiDEUJQjfPZ/RYA==",
      "dev": true,
      "license": "MIT",
      "dependencies": {
        "ms": "^2.1.3"
      },
      "engines": {
        "node": ">=6.0"
      },
      "peerDependenciesMeta": {
        "supports-color": {
          "optional": true
        }
      }
    },
    "node_modules/fsevents": {
      "version": "2.3.2",
      "resolved": "https://registry.npmjs.org/fsevents/-/fsevents-2.3.2.tgz",
      "integrity": "sha512-xiqMQR4xAeHTuB9uWm+fFRcIOgKBMiOBP+eXiyT7jsgVCq1bkVygt00oASowB7EdtpOHaaPgKt812P9ab+DDKA==",
      "dev": true,
      "hasInstallScript": true,
      "license": "MIT",
      "optional": true,
      "os": [
        "darwin"
      ],
      "engines": {
        "node": "^8.16.0 || ^10.6.0 || >=11.0.0"
      }
    },
    "node_modules/https-proxy-agent": {
      "version": "5.0.1",
      "resolved": "https://registry.npmjs.org/https-proxy-agent/-/https-proxy-agent-5.0.1.tgz",
      "integrity": "sha512-dFcAjpTQFgoLMzC2VwU+C/CbS7uRL0lWmxDITmqm7C+7F0Odmj6s9l6alZc6AELXhrnggM2CeWSXHGOdX2YtwA==",
      "dev": true,
      "license": "MIT",
      "dependencies": {
        "agent-base": "6",
        "debug": "4"
      },
      "engines": {
        "node": ">= 6"
      }
    },
    "node_modules/isexe": {
      "version": "2.0.0",
      "resolved": "https://registry.npmjs.org/isexe/-/isexe-2.0.0.tgz",
      "integrity": "sha512-RHxMLp9lnKHGHRng9QFhRCMbYAcVpn69smSGcq3f36xjgVVWThj4qqLbTLlq7Ssj8B+fIQ1EuCEGI2lKsyQeIw==",
      "dev": true,
      "license": "ISC"
    },
    "node_modules/ms": {
      "version": "2.1.3",
      "resolved": "https://registry.npmjs.org/ms/-/ms-2.1.3.tgz",
      "integrity": "sha512-6FlzubTLZG3J2a/NVCAleEhjzq5oxgHyaCU9yYXvcLsvoVaHJq/s5xXI6/XXP6tz7R9xAOtHnSO/tXtF3WRTlA==",
      "dev": true,
      "license": "MIT"
    },
    "node_modules/node-fetch": {
      "version": "2.7.0",
      "resolved": "https://registry.npmjs.org/node-fetch/-/node-fetch-2.7.0.tgz",
      "integrity": "sha512-c4FRfUm/dbcWZ7U+1Wq0AwCyFL+3nt2bEw05wfxSz+DWpWsitgmSgYmy2dQdWyKC1694ELPqMs/YzUSNozLt8A==",
      "dev": true,
      "license": "MIT",
      "dependencies": {
        "whatwg-url": "^5.0.0"
      },
      "engines": {
        "node": "4.x || >=6.0.0"
      },
      "peerDependencies": {
        "encoding": "^0.1.0"
      },
      "peerDependenciesMeta": {
        "encoding": {
          "optional": true
        }
      }
    },
    "node_modules/playwright": {
      "version": "1.52.0",
      "resolved": "https://registry.npmjs.org/playwright/-/playwright-1.52.0.tgz",
      "integrity": "sha512-JAwMNMBlxJ2oD1kce4KPtMkDeKGHQstdpFPcPH3maElAXon/QZeTvtsfXmTMRyO9TslfoYOXkSsvao2nE1ilTw==",
      "dev": true,
      "license": "Apache-2.0",
      "dependencies": {
        "playwright-core": "1.52.0"
      },
      "bin": {
        "playwright": "cli.js"
      },
      "engines": {
        "node": ">=18"
      },
      "optionalDependencies": {
        "fsevents": "2.3.2"
      }
    },
    "node_modules/playwright-core": {
      "version": "1.52.0",
      "resolved": "https://registry.npmjs.org/playwright-core/-/playwright-core-1.52.0.tgz",
      "integrity": "sha512-l2osTgLXSMeuLZOML9qYODUQoPPnUsKsb5/P6LJ2e6uPKXUdPK5WYhN4z03G+YNbWmGDY4YENauNu4ZKczreHg==",
      "dev": true,
      "license": "Apache-2.0",
      "bin": {
        "playwright-core": "cli.js"
      },
      "engines": {
        "node": ">=18"
      }
    },
    "node_modules/progress": {
      "version": "2.0.3",
      "resolved": "https://registry.npmjs.org/progress/-/progress-2.0.3.tgz",
      "integrity": "sha512-7PiHtLll5LdnKIMw100I+8xJXR5gW2QwWYkT6iJva0bXitZKa/XMrSbdmg3r2Xnaidz9Qumd0VPaMrZlF9V9sA==",
      "dev": true,
      "license": "MIT",
      "engines": {
        "node": ">=0.4.0"
      }
    },
    "node_modules/proxy-from-env": {
      "version": "1.1.0",
      "resolved": "https://registry.npmjs.org/proxy-from-env/-/proxy-from-env-1.1.0.tgz",
      "integrity": "sha512-D+zkORCbA9f1tdWRK0RaCR3GPv50cMxcrz4X8k5LTSUD1Dkw47mKJEZQNunItRTkWwgtaUSo1RVFRIG9ZXiFYg==",
      "dev": true,
      "license": "MIT"
    },
    "node_modules/tr46": {
      "version": "0.0.3",
      "resolved": "https://registry.npmjs.org/tr46/-/tr46-0.0.3.tgz",
      "integrity": "sha512-N3WMsuqV66lT30CrXNbEjx4GEwlow3v6rr4mCcv6prnfwhS01rkgyFdjPNBYd9br7LpXV1+Emh01fHnq2Gdgrw==",
      "dev": true,
      "license": "MIT"
    },
    "node_modules/undici-types": {
      "version": "6.21.0",
      "resolved": "https://registry.npmjs.org/undici-types/-/undici-types-6.21.0.tgz",
      "integrity": "sha512-iwDZqg0QAGrg9Rav5H4n0M64c3mkR59cJ6wQp+7C4nI0gsmExaedaYLNO44eT4AtBBwjbTiGPMlt2Md0T9H9JQ==",
      "dev": true,
      "license": "MIT"
    },
    "node_modules/webidl-conversions": {
      "version": "3.0.1",
      "resolved": "https://registry.npmjs.org/webidl-conversions/-/webidl-conversions-3.0.1.tgz",
      "integrity": "sha512-2JAn3z8AR6rjK8Sm8orRC0h/bcl/DqL7tRPdGZ4I1CjdF+EaMLmYxBHyXuKL849eucPFhvBoxMsflfOb8kxaeQ==",
      "dev": true,
      "license": "BSD-2-Clause"
    },
    "node_modules/whatwg-url": {
      "version": "5.0.0",
      "resolved": "https://registry.npmjs.org/whatwg-url/-/whatwg-url-5.0.0.tgz",
      "integrity": "sha512-saE57nupxk6v3HY35+jzBwYa0rKSy0XR8JSxZPwgLr7ys0IBzhGviA1/TUGJLmSVqs8pb9AnvICXEuOHLprYTw==",
      "dev": true,
      "license": "MIT",
      "dependencies": {
        "tr46": "~0.0.3",
        "webidl-conversions": "^3.0.0"
      }
    },
    "node_modules/which": {
      "version": "2.0.2",
      "resolved": "https://registry.npmjs.org/which/-/which-2.0.2.tgz",
      "integrity": "sha512-BLI3Tl1TW3Pvl70l3yq3Y64i+awpwXqsGBYWkkqMtnbXgrMD+yj7rhW0kuEDxzJaYXGjEW5ogapKNMEKNMjibA==",
      "dev": true,
      "license": "ISC",
      "dependencies": {
        "isexe": "^2.0.0"
      },
      "bin": {
        "node-which": "bin/node-which"
      },
      "engines": {
        "node": ">= 8"
      }
    }
  }
}
